version = 1
revision = 3
requires-python = ">=3.12"

[[package]]
name = "multipledispatch"
version = "1.0.0"
source = { registry = "https://pypi.org/simple" }
sdist = { url = "https://files.pythonhosted.org/packages/fe/3e/a62c3b824c7dec33c4a1578bcc842e6c30300051033a4e5975ed86cc2536/multipledispatch-1.0.0.tar.gz", hash = "sha256:5c839915465c68206c3e9c473357908216c28383b425361e5d144594bf85a7e0", size = 12385, upload-time = "2023-06-27T16:45:11.074Z" }
wheels = [
    { url = "https://files.pythonhosted.org/packages/51/c0/00c9809d8b9346eb238a6bbd5f83e846a4ce4503da94a4c08cb7284c325b/multipledispatch-1.0.0-py3-none-any.whl", hash = "sha256:0c53cd8b077546da4e48869f49b13164bebafd0c2a5afceb6bb6a316e7fb46e4", size = 12818, upload-time = "2023-06-27T16:45:09.418Z" },
]

[[package]]
name = "xpylib"
version = "0.1.0"
source = { editable = "." }
dependencies = [
    { name = "multipledispatch" },
]

[package.metadata]
requires-dist = [{ name = "multipledispatch" }]
